// !$*UTF8*$!
{
	archiveVersion = 1;
	classes = {
	};
	objectVersion = 46;
	objects = {

/* Begin PBXBuildFile section */
		6FE394151D0FF7EC00AB4126 /* AppDelegate.swift in Sources */ = {isa = PBXBuildFile; fileRef = 6FE394141D0FF7EC00AB4126 /* AppDelegate.swift */; };
		6FE394171D0FF7EC00AB4126 /* ViewController.swift in Sources */ = {isa = PBXBuildFile; fileRef = 6FE394161D0FF7EC00AB4126 /* ViewController.swift */; };
		6FE3941A1D0FF7EC00AB4126 /* Main.storyboard in Resources */ = {isa = PBXBuildFile; fileRef = 6FE394181D0FF7EC00AB4126 /* Main.storyboard */; };
		6FE3941C1D0FF7EC00AB4126 /* Assets.xcassets in Resources */ = {isa = PBXBuildFile; fileRef = 6FE3941B1D0FF7EC00AB4126 /* Assets.xcassets */; };
		6FE3941F1D0FF7EC00AB4126 /* LaunchScreen.storyboard in Resources */ = {isa = PBXBuildFile; fileRef = 6FE3941D1D0FF7EC00AB4126 /* LaunchScreen.storyboard */; };
		6FE3942A1D0FF7EC00AB4126 /* Esis_ChatTests.swift in Sources */ = {isa = PBXBuildFile; fileRef = 6FE394291D0FF7EC00AB4126 /* Esis_ChatTests.swift */; };
		6FE394351D0FF7ED00AB4126 /* Esis_ChatUITests.swift in Sources */ = {isa = PBXBuildFile; fileRef = 6FE394341D0FF7ED00AB4126 /* Esis_ChatUITests.swift */; };
/* End PBXBuildFile section */

/* Begin PBXContainerItemProxy section */
		6FE394261D0FF7EC00AB4126 /* PBXContainerItemProxy */ = {
			isa = PBXContainerItemProxy;
			containerPortal = 6FE394091D0FF7EC00AB4126 /* Project object */;
			proxyType = 1;
			remoteGlobalIDString = 6FE394101D0FF7EC00AB4126;
			remoteInfo = "Esis-Chat";
		};
		6FE394311D0FF7EC00AB4126 /* PBXContainerItemProxy */ = {
			isa = PBXContainerItemProxy;
			containerPortal = 6FE394091D0FF7EC00AB4126 /* Project object */;
			proxyType = 1;
			remoteGlobalIDString = 6FE394101D0FF7EC00AB4126;
			remoteInfo = "Esis-Chat";
		};
/* End PBXContainerItemProxy section */

/* Begin PBXFileReference section */
		6FE394111D0FF7EC00AB4126 /* Esis-Chat.app */ = {isa = PBXFileReference; explicitFileType = wrapper.application; includeInIndex = 0; path = "Esis-Chat.app"; sourceTree = BUILT_PRODUCTS_DIR; };
		6FE394141D0FF7EC00AB4126 /* AppDelegate.swift */ = {isa = PBXFileReference; lastKnownFileType = sourcecode.swift; path = AppDelegate.swift; sourceTree = "<group>"; };
		6FE394161D0FF7EC00AB4126 /* ViewController.swift */ = {isa = PBXFileReference; lastKnownFileType = sourcecode.swift; path = ViewController.swift; sourceTree = "<group>"; };
		6FE394191D0FF7EC00AB4126 /* Base */ = {isa = PBXFileReference; lastKnownFileType = file.storyboard; name = Base; path = Base.lproj/Main.storyboard; sourceTree = "<group>"; };
		6FE3941B1D0FF7EC00AB4126 /* Assets.xcassets */ = {isa = PBXFileReference; lastKnownFileType = folder.assetcatalog; path = Assets.xcassets; sourceTree = "<group>"; };
		6FE3941E1D0FF7EC00AB4126 /* Base */ = {isa = PBXFileReference; lastKnownFileType = file.storyboard; name = Base; path = Base.lproj/LaunchScreen.storyboard; sourceTree = "<group>"; };
		6FE394201D0FF7EC00AB4126 /* Info.plist */ = {isa = PBXFileReference; lastKnownFileType = text.plist.xml; path = Info.plist; sourceTree = "<group>"; };
		6FE394251D0FF7EC00AB4126 /* Esis-ChatTests.xctest */ = {isa = PBXFileReference; explicitFileType = wrapper.cfbundle; includeInIndex = 0; path = "Esis-ChatTests.xctest"; sourceTree = BUILT_PRODUCTS_DIR; };
		6FE394291D0FF7EC00AB4126 /* Esis_ChatTests.swift */ = {isa = PBXFileReference; lastKnownFileType = sourcecode.swift; path = Esis_ChatTests.swift; sourceTree = "<group>"; };
		6FE3942B1D0FF7EC00AB4126 /* Info.plist */ = {isa = PBXFileReference; lastKnownFileType = text.plist.xml; path = Info.plist; sourceTree = "<group>"; };
		6FE394301D0FF7EC00AB4126 /* Esis-ChatUITests.xctest */ = {isa = PBXFileReference; explicitFileType = wrapper.cfbundle; includeInIndex = 0; path = "Esis-ChatUITests.xctest"; sourceTree = BUILT_PRODUCTS_DIR; };
		6FE394341D0FF7ED00AB4126 /* Esis_ChatUITests.swift */ = {isa = PBXFileReference; lastKnownFileType = sourcecode.swift; path = Esis_ChatUITests.swift; sourceTree = "<group>"; };
		6FE394361D0FF7ED00AB4126 /* Info.plist */ = {isa = PBXFileReference; lastKnownFileType = text.plist.xml; path = Info.plist; sourceTree = "<group>"; };
/* End PBXFileReference section */

/* Begin PBXFrameworksBuildPhase section */
		6FE3940E1D0FF7EC00AB4126 /* Frameworks */ = {
			isa = PBXFrameworksBuildPhase;
			buildActionMask = 2147483647;
			files = (
			);
			runOnlyForDeploymentPostprocessing = 0;
		};
		6FE394221D0FF7EC00AB4126 /* Frameworks */ = {
			isa = PBXFrameworksBuildPhase;
			buildActionMask = 2147483647;
			files = (
			);
			runOnlyForDeploymentPostprocessing = 0;
		};
		6FE3942D1D0FF7EC00AB4126 /* Frameworks */ = {
			isa = PBXFrameworksBuildPhase;
			buildActionMask = 2147483647;
			files = (
			);
			runOnlyForDeploymentPostprocessing = 0;
		};
/* End PBXFrameworksBuildPhase section */

/* Begin PBXGroup section */
		6FE394081D0FF7EC00AB4126 = {
			isa = PBXGroup;
			children = (
				6FE394131D0FF7EC00AB4126 /* Esis-Chat */,
				6FE394281D0FF7EC00AB4126 /* Esis-ChatTests */,
				6FE394331D0FF7ED00AB4126 /* Esis-ChatUITests */,
				6FE394121D0FF7EC00AB4126 /* Products */,
			);
			sourceTree = "<group>";
		};
		6FE394121D0FF7EC00AB4126 /* Products */ = {
			isa = PBXGroup;
			children = (
				6FE394111D0FF7EC00AB4126 /* Esis-Chat.app */,
				6FE394251D0FF7EC00AB4126 /* Esis-ChatTests.xctest */,
				6FE394301D0FF7EC00AB4126 /* Esis-ChatUITests.xctest */,
			);
			name = Products;
			sourceTree = "<group>";
		};
		6FE394131D0FF7EC00AB4126 /* Esis-Chat */ = {
			isa = PBXGroup;
			children = (
				6FE394141D0FF7EC00AB4126 /* AppDelegate.swift */,
				6FE394161D0FF7EC00AB4126 /* ViewController.swift */,
				6FE394181D0FF7EC00AB4126 /* Main.storyboard */,
				6FE3941B1D0FF7EC00AB4126 /* Assets.xcassets */,
				6FE3941D1D0FF7EC00AB4126 /* LaunchScreen.storyboard */,
				6FE394201D0FF7EC00AB4126 /* Info.plist */,
			);
			path = "Esis-Chat";
			sourceTree = "<group>";
		};
		6FE394281D0FF7EC00AB4126 /* Esis-ChatTests */ = {
			isa = PBXGroup;
			children = (
				6FE394291D0FF7EC00AB4126 /* Esis_ChatTests.swift */,
				6FE3942B1D0FF7EC00AB4126 /* Info.plist */,
			);
			path = "Esis-ChatTests";
			sourceTree = "<group>";
		};
		6FE394331D0FF7ED00AB4126 /* Esis-ChatUITests */ = {
			isa = PBXGroup;
			children = (
				6FE394341D0FF7ED00AB4126 /* Esis_ChatUITests.swift */,
				6FE394361D0FF7ED00AB4126 /* Info.plist */,
			);
			path = "Esis-ChatUITests";
			sourceTree = "<group>";
		};
/* End PBXGroup section */

/* Begin PBXNativeTarget section */
		6FE394101D0FF7EC00AB4126 /* Esis-Chat */ = {
			isa = PBXNativeTarget;
			buildConfigurationList = 6FE394391D0FF7ED00AB4126 /* Build configuration list for PBXNativeTarget "Esis-Chat" */;
			buildPhases = (
				6FE3940D1D0FF7EC00AB4126 /* Sources */,
				6FE3940E1D0FF7EC00AB4126 /* Frameworks */,
				6FE3940F1D0FF7EC00AB4126 /* Resources */,
			);
			buildRules = (
			);
			dependencies = (
			);
			name = "Esis-Chat";
			productName = "Esis-Chat";
			productReference = 6FE394111D0FF7EC00AB4126 /* Esis-Chat.app */;
			productType = "com.apple.product-type.application";
		};
		6FE394241D0FF7EC00AB4126 /* Esis-ChatTests */ = {
			isa = PBXNativeTarget;
			buildConfigurationList = 6FE3943C1D0FF7ED00AB4126 /* Build configuration list for PBXNativeTarget "Esis-ChatTests" */;
			buildPhases = (
				6FE394211D0FF7EC00AB4126 /* Sources */,
				6FE394221D0FF7EC00AB4126 /* Frameworks */,
				6FE394231D0FF7EC00AB4126 /* Resources */,
			);
			buildRules = (
			);
			dependencies = (
				6FE394271D0FF7EC00AB4126 /* PBXTargetDependency */,
			);
			name = "Esis-ChatTests";
			productName = "Esis-ChatTests";
			productReference = 6FE394251D0FF7EC00AB4126 /* Esis-ChatTests.xctest */;
			productType = "com.apple.product-type.bundle.unit-test";
		};
		6FE3942F1D0FF7EC00AB4126 /* Esis-ChatUITests */ = {
			isa = PBXNativeTarget;
			buildConfigurationList = 6FE3943F1D0FF7ED00AB4126 /* Build configuration list for PBXNativeTarget "Esis-ChatUITests" */;
			buildPhases = (
				6FE3942C1D0FF7EC00AB4126 /* Sources */,
				6FE3942D1D0FF7EC00AB4126 /* Frameworks */,
				6FE3942E1D0FF7EC00AB4126 /* Resources */,
			);
			buildRules = (
			);
			dependencies = (
				6FE394321D0FF7EC00AB4126 /* PBXTargetDependency */,
			);
			name = "Esis-ChatUITests";
			productName = "Esis-ChatUITests";
			productReference = 6FE394301D0FF7EC00AB4126 /* Esis-ChatUITests.xctest */;
			productType = "com.apple.product-type.bundle.ui-testing";
		};
/* End PBXNativeTarget section */

/* Begin PBXProject section */
		6FE394091D0FF7EC00AB4126 /* Project object */ = {
			isa = PBXProject;
			attributes = {
				LastSwiftUpdateCheck = 0730;
				LastUpgradeCheck = 0730;
				ORGANIZATIONNAME = Esis;
				TargetAttributes = {
					6FE394101D0FF7EC00AB4126 = {
						CreatedOnToolsVersion = 7.3;
						DevelopmentTeam = BK25MAFH78;
					};
					6FE394241D0FF7EC00AB4126 = {
						CreatedOnToolsVersion = 7.3;
						DevelopmentTeam = BK25MAFH78;
						TestTargetID = 6FE394101D0FF7EC00AB4126;
					};
					6FE3942F1D0FF7EC00AB4126 = {
						CreatedOnToolsVersion = 7.3;
						DevelopmentTeam = BK25MAFH78;
						TestTargetID = 6FE394101D0FF7EC00AB4126;
					};
				};
			};
			buildConfigurationList = 6FE3940C1D0FF7EC00AB4126 /* Build configuration list for PBXProject "Esis-Chat" */;
			compatibilityVersion = "Xcode 3.2";
			developmentRegion = English;
			hasScannedForEncodings = 0;
			knownRegions = (
				en,
				Base,
			);
			mainGroup = 6FE394081D0FF7EC00AB4126;
			productRefGroup = 6FE394121D0FF7EC00AB4126 /* Products */;
			projectDirPath = "";
			projectRoot = "";
			targets = (
				6FE394101D0FF7EC00AB4126 /* Esis-Chat */,
				6FE394241D0FF7EC00AB4126 /* Esis-ChatTests */,
				6FE3942F1D0FF7EC00AB4126 /* Esis-ChatUITests */,
			);
		};
/* End PBXProject section */

/* Begin PBXResourcesBuildPhase section */
		6FE3940F1D0FF7EC00AB4126 /* Resources */ = {
			isa = PBXResourcesBuildPhase;
			buildActionMask = 2147483647;
			files = (
				6FE3941F1D0FF7EC00AB4126 /* LaunchScreen.storyboard in Resources */,
				6FE3941C1D0FF7EC00AB4126 /* Assets.xcassets in Resources */,
				6FE3941A1D0FF7EC00AB4126 /* Main.storyboard in Resources */,
			);
			runOnlyForDeploymentPostprocessing = 0;
		};
		6FE394231D0FF7EC00AB4126 /* Resources */ = {
			isa = PBXResourcesBuildPhase;
			buildActionMask = 2147483647;
			files = (
			);
			runOnlyForDeploymentPostprocessing = 0;
		};
		6FE3942E1D0FF7EC00AB4126 /* Resources */ = {
			isa = PBXResourcesBuildPhase;
			buildActionMask = 2147483647;
			files = (
			);
			runOnlyForDeploymentPostprocessing = 0;
		};
/* End PBXResourcesBuildPhase section */

/* Begin PBXSourcesBuildPhase section */
		6FE3940D1D0FF7EC00AB4126 /* Sources */ = {
			isa = PBXSourcesBuildPhase;
			buildActionMask = 2147483647;
			files = (
				6FE394171D0FF7EC00AB4126 /* ViewController.swift in Sources */,
				6FE394151D0FF7EC00AB4126 /* AppDelegate.swift in Sources */,
			);
			runOnlyForDeploymentPostprocessing = 0;
		};
		6FE394211D0FF7EC00AB4126 /* Sources */ = {
			isa = PBXSourcesBuildPhase;
			buildActionMask = 2147483647;
			files = (
				6FE3942A1D0FF7EC00AB4126 /* Esis_ChatTests.swift in Sources */,
			);
			runOnlyForDeploymentPostprocessing = 0;
		};
		6FE3942C1D0FF7EC00AB4126 /* Sources */ = {
			isa = PBXSourcesBuildPhase;
			buildActionMask = 2147483647;
			files = (
				6FE394351D0FF7ED00AB4126 /* Esis_ChatUITests.swift in Sources */,
			);
			runOnlyForDeploymentPostprocessing = 0;
		};
/* End PBXSourcesBuildPhase section */

/* Begin PBXTargetDependency section */
		6FE394271D0FF7EC00AB4126 /* PBXTargetDependency */ = {
			isa = PBXTargetDependency;
			target = 6FE394101D0FF7EC00AB4126 /* Esis-Chat */;
			targetProxy = 6FE394261D0FF7EC00AB4126 /* PBXContainerItemProxy */;
		};
		6FE394321D0FF7EC00AB4126 /* PBXTargetDependency */ = {
			isa = PBXTargetDependency;
			target = 6FE394101D0FF7EC00AB4126 /* Esis-Chat */;
			targetProxy = 6FE394311D0FF7EC00AB4126 /* PBXContainerItemProxy */;
		};
/* End PBXTargetDependency section */

/* Begin PBXVariantGroup section */
		6FE394181D0FF7EC00AB4126 /* Main.storyboard */ = {
			isa = PBXVariantGroup;
			children = (
				6FE394191D0FF7EC00AB4126 /* Base */,
			);
			name = Main.storyboard;
			sourceTree = "<group>";
		};
		6FE3941D1D0FF7EC00AB4126 /* LaunchScreen.storyboard */ = {
			isa = PBXVariantGroup;
			children = (
				6FE3941E1D0FF7EC00AB4126 /* Base */,
			);
			name = LaunchScreen.storyboard;
			sourceTree = "<group>";
		};
/* End PBXVariantGroup section */

/* Begin XCBuildConfiguration section */
		6FE394371D0FF7ED00AB4126 /* Debug */ = {
			isa = XCBuildConfiguration;
			buildSettings = {
				ALWAYS_SEARCH_USER_PATHS = NO;
				CLANG_ANALYZER_NONNULL = YES;
				CLANG_CXX_LANGUAGE_STANDARD = "gnu++0x";
				CLANG_CXX_LIBRARY = "libc++";
				CLANG_ENABLE_MODULES = YES;
				CLANG_ENABLE_OBJC_ARC = YES;
				CLANG_WARN_BOOL_CONVERSION = YES;
				CLANG_WARN_CONSTANT_CONVERSION = YES;
				CLANG_WARN_DIRECT_OBJC_ISA_USAGE = YES_ERROR;
				CLANG_WARN_EMPTY_BODY = YES;
				CLANG_WARN_ENUM_CONVERSION = YES;
				CLANG_WARN_INT_CONVERSION = YES;
				CLANG_WARN_OBJC_ROOT_CLASS = YES_ERROR;
				CLANG_WARN_UNREACHABLE_CODE = YES;
				CLANG_WARN__DUPLICATE_METHOD_MATCH = YES;
				"CODE_SIGN_IDENTITY[sdk=iphoneos*]" = "iPhone Developer";
				COPY_PHASE_STRIP = NO;
				DEBUG_INFORMATION_FORMAT = dwarf;
				ENABLE_STRICT_OBJC_MSGSEND = YES;
				ENABLE_TESTABILITY = YES;
				GCC_C_LANGUAGE_STANDARD = gnu99;
				GCC_DYNAMIC_NO_PIC = NO;
				GCC_NO_COMMON_BLOCKS = YES;
				GCC_OPTIMIZATION_LEVEL = 0;
				GCC_PREPROCESSOR_DEFINITIONS = (
					"DEBUG=1",
					"$(inherited)",
				);
				GCC_WARN_64_TO_32_BIT_CONVERSION = YES;
				GCC_WARN_ABOUT_RETURN_TYPE = YES_ERROR;
				GCC_WARN_UNDECLARED_SELECTOR = YES;
				GCC_WARN_UNINITIALIZED_AUTOS = YES_AGGRESSIVE;
				GCC_WARN_UNUSED_FUNCTION = YES;
				GCC_WARN_UNUSED_VARIABLE = YES;
				IPHONEOS_DEPLOYMENT_TARGET = 9.3;
				MTL_ENABLE_DEBUG_INFO = YES;
				ONLY_ACTIVE_ARCH = YES;
				SDKROOT = iphoneos;
				SWIFT_OPTIMIZATION_LEVEL = "-Onone";
				TARGETED_DEVICE_FAMILY = "1,2";
			};
			name = Debug;
		};
		6FE394381D0FF7ED00AB4126 /* Release */ = {
			isa = XCBuildConfiguration;
			buildSettings = {
				ALWAYS_SEARCH_USER_PATHS = NO;
				CLANG_ANALYZER_NONNULL = YES;
				CLANG_CXX_LANGUAGE_STANDARD = "gnu++0x";
				CLANG_CXX_LIBRARY = "libc++";
				CLANG_ENABLE_MODULES = YES;
				CLANG_ENABLE_OBJC_ARC = YES;
				CLANG_WARN_BOOL_CONVERSION = YES;
				CLANG_WARN_CONSTANT_CONVERSION = YES;
				CLANG_WARN_DIRECT_OBJC_ISA_USAGE = YES_ERROR;
				CLANG_WARN_EMPTY_BODY = YES;
				CLANG_WARN_ENUM_CONVERSION = YES;
				CLANG_WARN_INT_CONVERSION = YES;
				CLANG_WARN_OBJC_ROOT_CLASS = YES_ERROR;
				CLANG_WARN_UNREACHABLE_CODE = YES;
				CLANG_WARN__DUPLICATE_METHOD_MATCH = YES;
				"CODE_SIGN_IDENTITY[sdk=iphoneos*]" = "iPhone Developer";
				COPY_PHASE_STRIP = NO;
				DEBUG_INFORMATION_FORMAT = "dwarf-with-dsym";
				ENABLE_NS_ASSERTIONS = NO;
				ENABLE_STRICT_OBJC_MSGSEND = YES;
				GCC_C_LANGUAGE_STANDARD = gnu99;
				GCC_NO_COMMON_BLOCKS = YES;
				GCC_WARN_64_TO_32_BIT_CONVERSION = YES;
				GCC_WARN_ABOUT_RETURN_TYPE = YES_ERROR;
				GCC_WARN_UNDECLARED_SELECTOR = YES;
				GCC_WARN_UNINITIALIZED_AUTOS = YES_AGGRESSIVE;
				GCC_WARN_UNUSED_FUNCTION = YES;
				GCC_WARN_UNUSED_VARIABLE = YES;
				IPHONEOS_DEPLOYMENT_TARGET = 9.3;
				MTL_ENABLE_DEBUG_INFO = NO;
				SDKROOT = iphoneos;
				TARGETED_DEVICE_FAMILY = "1,2";
				VALIDATE_PRODUCT = YES;
			};
			name = Release;
		};
		6FE3943A1D0FF7ED00AB4126 /* Debug */ = {
			isa = XCBuildConfiguration;
			buildSettings = {
				ASSETCATALOG_COMPILER_APPICON_NAME = AppIcon;
				INFOPLIST_FILE = "Esis-Chat/Info.plist";
				LD_RUNPATH_SEARCH_PATHS = "$(inherited) @executable_path/Frameworks";
				PRODUCT_BUNDLE_IDENTIFIER = "esis.Esis-Chat";
				PRODUCT_NAME = "$(TARGET_NAME)";
			};
			name = Debug;
		};
		6FE3943B1D0FF7ED00AB4126 /* Release */ = {
			isa = XCBuildConfiguration;
			buildSettings = {
				ASSETCATALOG_COMPILER_APPICON_NAME = AppIcon;
				INFOPLIST_FILE = "Esis-Chat/Info.plist";
				LD_RUNPATH_SEARCH_PATHS = "$(inherited) @executable_path/Frameworks";
				PRODUCT_BUNDLE_IDENTIFIER = "esis.Esis-Chat";
				PRODUCT_NAME = "$(TARGET_NAME)";
			};
			name = Release;
		};
		6FE3943D1D0FF7ED00AB4126 /* Debug */ = {
			isa = XCBuildConfiguration;
			buildSettings = {
				BUNDLE_LOADER = "$(TEST_HOST)";
				INFOPLIST_FILE = "Esis-ChatTests/Info.plist";
				LD_RUNPATH_SEARCH_PATHS = "$(inherited) @executable_path/Frameworks @loader_path/Frameworks";
				PRODUCT_BUNDLE_IDENTIFIER = "esis.Esis-ChatTests";
				PRODUCT_NAME = "$(TARGET_NAME)";
				TEST_HOST = "$(BUILT_PRODUCTS_DIR)/Esis-Chat.app/Esis-Chat";
			};
			name = Debug;
		};
		6FE3943E1D0FF7ED00AB4126 /* Release */ = {
			isa = XCBuildConfiguration;
			buildSettings = {
				BUNDLE_LOADER = "$(TEST_HOST)";
				INFOPLIST_FILE = "Esis-ChatTests/Info.plist";
				LD_RUNPATH_SEARCH_PATHS = "$(inherited) @executable_path/Frameworks @loader_path/Frameworks";
				PRODUCT_BUNDLE_IDENTIFIER = "esis.Esis-ChatTests";
				PRODUCT_NAME = "$(TARGET_NAME)";
				TEST_HOST = "$(BUILT_PRODUCTS_DIR)/Esis-Chat.app/Esis-Chat";
			};
			name = Release;
		};
		6FE394401D0FF7ED00AB4126 /* Debug */ = {
			isa = XCBuildConfiguration;
			buildSettings = {
				INFOPLIST_FILE = "Esis-ChatUITests/Info.plist";
				LD_RUNPATH_SEARCH_PATHS = "$(inherited) @executable_path/Frameworks @loader_path/Frameworks";
				PRODUCT_BUNDLE_IDENTIFIER = "esis.Esis-ChatUITests";
				PRODUCT_NAME = "$(TARGET_NAME)";
				TEST_TARGET_NAME = "Esis-Chat";
			};
			name = Debug;
		};
		6FE394411D0FF7ED00AB4126 /* Release */ = {
			isa = XCBuildConfiguration;
			buildSettings = {
				INFOPLIST_FILE = "Esis-ChatUITests/Info.plist";
				LD_RUNPATH_SEARCH_PATHS = "$(inherited) @executable_path/Frameworks @loader_path/Frameworks";
				PRODUCT_BUNDLE_IDENTIFIER = "esis.Esis-ChatUITests";
				PRODUCT_NAME = "$(TARGET_NAME)";
				TEST_TARGET_NAME = "Esis-Chat";
			};
			name = Release;
		};
/* End XCBuildConfiguration section */

/* Begin XCConfigurationList section */
		6FE3940C1D0FF7EC00AB4126 /* Build configuration list for PBXProject "Esis-Chat" */ = {
			isa = XCConfigurationList;
			buildConfigurations = (
				6FE394371D0FF7ED00AB4126 /* Debug */,
				6FE394381D0FF7ED00AB4126 /* Release */,
			);
			defaultConfigurationIsVisible = 0;
			defaultConfigurationName = Release;
		};
		6FE394391D0FF7ED00AB4126 /* Build configuration list for PBXNativeTarget "Esis-Chat" */ = {
			isa = XCConfigurationList;
			buildConfigurations = (
				6FE3943A1D0FF7ED00AB4126 /* Debug */,
				6FE3943B1D0FF7ED00AB4126 /* Release */,
			);
			defaultConfigurationIsVisible = 0;
		};
		6FE3943C1D0FF7ED00AB4126 /* Build configuration list for PBXNativeTarget "Esis-ChatTests" */ = {
			isa = XCConfigurationList;
			buildConfigurations = (
				6FE3943D1D0FF7ED00AB4126 /* Debug */,
				6FE3943E1D0FF7ED00AB4126 /* Release */,
			);
			defaultConfigurationIsVisible = 0;
		};
		6FE3943F1D0FF7ED00AB4126 /* Build configuration list for PBXNativeTarget "Esis-ChatUITests" */ = {
			isa = XCConfigurationList;
			buildConfigurations = (
				6FE394401D0FF7ED00AB4126 /* Debug */,
				6FE394411D0FF7ED00AB4126 /* Release */,
			);
			defaultConfigurationIsVisible = 0;
		};
/* End XCConfigurationList section */
	};
	rootObject = 6FE394091D0FF7EC00AB4126 /* Project object */;
}
